
Microsoft Visual Studio Solution File, Format Version 12.00
# Visual Studio Version 17
VisualStudioVersion = 17.11.35327.3
MinimumVisualStudioVersion = 10.0.40219.1
Project("{FAE04EC0-301F-11D3-BF4B-00C04F79EFBC}") = "StripePaymentExample", "StripePaymentExample\StripePaymentExample.csproj", "{341C9AC2-3A49-45F4-B22A-2FB553497A2F}"
EndProject
Global
	GlobalSection(SolutionConfigurationPlatforms) = preSolution
		Debug|Any CPU = Debug|Any CPU
		Release|Any CPU = Release|Any CPU
	EndGlobalSection
	GlobalSection(ProjectConfigurationPlatforms) = postSolution
		{341C9AC2-3A49-45F4-B22A-2FB553497A2F}.Debug|Any CPU.ActiveCfg = Debug|Any CPU
		{341C9AC2-3A49-45F4-B22A-2FB553497A2F}.Debug|Any CPU.Build.0 = Debug|Any CPU
		{341C9AC2-3A49-45F4-B22A-2FB553497A2F}.Release|Any CPU.ActiveCfg = Release|Any CPU
		{341C9AC2-3A49-45F4-B22A-2FB553497A2F}.Release|Any CPU.Build.0 = Release|Any CPU
	EndGlobalSection
	GlobalSection(SolutionProperties) = preSolution
		HideSolutionNode = FALSE
	EndGlobalSection
	GlobalSection(ExtensibilityGlobals) = postSolution
		SolutionGuid = {1FFD838D-A69D-4245-AAAA-3D9BB27B1EB1}
	EndGlobalSection
EndGlobal
